
Microsoft Visual Studio Solution File, Format Version 12.00
# Visual Studio Version 18
VisualStudioVersion = 18.4.11620.152 stable
MinimumVisualStudioVersion = 10.0.40219.1
Project("{2150E333-8FDC-42A3-9474-1A3956D46DE8}") = "Modules", "Modules", "{495505D2-81B2-466E-BA5F-0B21EBF40E9B}"
EndProject
Project("{2150E333-8FDC-42A3-9474-1A3956D46DE8}") = "MobileAppsModule", "MobileAppsModule", "{19B2BF66-496F-49BE-BFF7-DC63F4B1437E}"
EndProject
Project("{2150E333-8FDC-42A3-9474-1A3956D46DE8}") = "AuthModule", "AuthModule", "{ABE7BDE5-44F5-40FA-AA3D-45911F896F5A}"
EndProject
Project("{2150E333-8FDC-42A3-9474-1A3956D46DE8}") = "MemberProfileModule", "MemberProfileModule", "{A163432E-DEDD-4DCB-8FC0-CFC866EEE3E3}"
EndProject
Project("{2150E333-8FDC-42A3-9474-1A3956D46DE8}") = "MembershipModule", "MembershipModule", "{7DEF0544-CFED-4F26-8263-198CD874F91D}"
EndProject
Project("{2150E333-8FDC-42A3-9474-1A3956D46DE8}") = "OrganisationModule", "OrganisationModule", "{B406E00D-DF3F-43AB-93AC-598435B5DA1F}"
EndProject
Project("{2150E333-8FDC-42A3-9474-1A3956D46DE8}") = "CredentialModule", "CredentialModule", "{CE8BBD1F-BF07-4F45-A0A8-ED8B67738406}"
EndProject
Project("{2150E333-8FDC-42A3-9474-1A3956D46DE8}") = "FinanceModule", "FinanceModule", "{D08F0872-31DD-4A02-8A59-88186C033786}"
EndProject
Project("{2150E333-8FDC-42A3-9474-1A3956D46DE8}") = "AssetManagementModule", "AssetManagementModule", "{DFFE7A69-4B61-48C8-97AC-CEF4C8EBC82D}"
EndProject
Project("{2150E333-8FDC-42A3-9474-1A3956D46DE8}") = "FieldManagementModule", "FieldManagementModule", "{6177C7A2-FF43-407D-A258-F81B6080B92A}"
EndProject
Project("{2150E333-8FDC-42A3-9474-1A3956D46DE8}") = "BookingModule", "BookingModule", "{9F10D28B-E459-4CE9-A813-101827BAA9C8}"
EndProject
Project("{2150E333-8FDC-42A3-9474-1A3956D46DE8}") = "ResultModule", "ResultModule", "{02EA681E-C7D8-13C7-8484-4AC65E1B71E8}"
EndProject
Project("{FAE04EC0-301F-11D3-BF4B-00C04F79EFBC}") = "JustGoAPI.API", "src\JustGoAPI.API\JustGoAPI.API.csproj", "{983097C3-8EC9-430E-BDFF-0C469D788064}"
EndProject
Project("{FAE04EC0-301F-11D3-BF4B-00C04F79EFBC}") = "JustGoAPI.Shared", "src\JustGoAPI.Shared\JustGoAPI.Shared.csproj", "{2A6D4009-CF1C-6E0D-8C85-80177637028D}"
EndProject
Project("{FAE04EC0-301F-11D3-BF4B-00C04F79EFBC}") = "JustGo.Authentication", "src\JustGo.Authentication\JustGo.Authentication.csproj", "{EF567ABD-A3FB-0B20-CF78-613E0B263E5C}"
EndProject
Project("{FAE04EC0-301F-11D3-BF4B-00C04F79EFBC}") = "JustGo.Functions", "src\JustGo.Functions\JustGo.Functions.csproj", "{276D0C99-7D12-FDA2-931D-4785A027E8AB}"
EndProject
Project("{FAE04EC0-301F-11D3-BF4B-00C04F79EFBC}") = "JustGo.RuleEngine", "src\JustGo.RuleEngine\JustGo.RuleEngine.csproj", "{002F251B-20CE-B894-92FE-221A96BD7C13}"
EndProject
Project("{FAE04EC0-301F-11D3-BF4B-00C04F79EFBC}") = "JustGo.AssetManagement.API", "src\Modules\AssetManagementModule\JustGo.AssetManagement.API\JustGo.AssetManagement.API.csproj", "{73058172-EAA4-EAC6-0ECD-6609DB13131D}"
EndProject
Project("{FAE04EC0-301F-11D3-BF4B-00C04F79EFBC}") = "JustGo.AssetManagement.Application", "src\Modules\AssetManagementModule\JustGo.AssetManagement.Application\JustGo.AssetManagement.Application.csproj", "{8B96E760-213E-F11F-0858-9159B9A952F8}"
EndProject
Project("{FAE04EC0-301F-11D3-BF4B-00C04F79EFBC}") = "JustGo.AssetManagement.Domain", "src\Modules\AssetManagementModule\JustGo.AssetManagement.Domain\JustGo.AssetManagement.Domain.csproj", "{FA3CDED9-112C-7B9A-483F-4F838E0386B9}"
EndProject
Project("{FAE04EC0-301F-11D3-BF4B-00C04F79EFBC}") = "JustGo.AssetManagement.Infrastructure", "src\Modules\AssetManagementModule\JustGo.AssetManagement.Infrastructure\JustGo.AssetManagement.Infrastructure.csproj", "{EDCFC79E-77C5-F588-950C-A351443654B7}"
EndProject
Project("{FAE04EC0-301F-11D3-BF4B-00C04F79EFBC}") = "JustGo.AssetManagement.Test", "src\Modules\AssetManagementModule\JustGo.AssetManagement.Test\JustGo.AssetManagement.Test.csproj", "{CB8D4D98-873B-46C2-66A9-44FAEE2C8880}"
EndProject
Project("{FAE04EC0-301F-11D3-BF4B-00C04F79EFBC}") = "AuthModule.API", "src\Modules\AuthModule\AuthModule.API\AuthModule.API.csproj", "{E35D41E9-A45E-2EAF-BF60-14062A58FB0F}"
EndProject
Project("{FAE04EC0-301F-11D3-BF4B-00C04F79EFBC}") = "AuthModule.Application", "src\Modules\AuthModule\AuthModule.Application\AuthModule.Application.csproj", "{F8334DF9-C2E7-12EC-E473-45635543CA6B}"
EndProject
Project("{FAE04EC0-301F-11D3-BF4B-00C04F79EFBC}") = "AuthModule.Domain", "src\Modules\AuthModule\AuthModule.Domain\AuthModule.Domain.csproj", "{A6491603-03C1-B91B-4A12-465C1529F3E0}"
EndProject
Project("{FAE04EC0-301F-11D3-BF4B-00C04F79EFBC}") = "AuthModule.Infrastructure", "src\Modules\AuthModule\AuthModule.Infrastructure\AuthModule.Infrastructure.csproj", "{01464B1D-21B0-CC25-754C-3A4780290F4A}"
EndProject
Project("{FAE04EC0-301F-11D3-BF4B-00C04F79EFBC}") = "AuthModule.Test", "src\Modules\AuthModule\AuthModule.Test\AuthModule.Test.csproj", "{F7A860C2-6485-7325-5424-AE28F95D0AA3}"
EndProject
Project("{FAE04EC0-301F-11D3-BF4B-00C04F79EFBC}") = "JustGo.Booking.Domain", "src\Modules\BookingModule\JustGo.Booking.Domain\JustGo.Booking.Domain.csproj", "{59D58FC8-8962-6BEC-45B7-ECBF3AD55607}"
EndProject
Project("{FAE04EC0-301F-11D3-BF4B-00C04F79EFBC}") = "JustGo.Booking.Application", "src\Modules\BookingModule\JustGo.Booking.Application\JustGo.Booking.Application.csproj", "{4B7A8754-1FD2-2FE4-C314-BC522158E284}"
EndProject
Project("{FAE04EC0-301F-11D3-BF4B-00C04F79EFBC}") = "JustGo.Booking.Infrastructure", "src\Modules\BookingModule\JustGo.Booking.Infrastructure\JustGo.Booking.Infrastructure.csproj", "{8D5D477C-B9F7-3DCB-D7DA-F2AC21D3B134}"
EndProject
Project("{FAE04EC0-301F-11D3-BF4B-00C04F79EFBC}") = "JustGo.Booking.API", "src\Modules\BookingModule\JustGo.Booking.API\JustGo.Booking.API.csproj", "{3512FFF2-D4F0-02A2-371C-5881DD2A72DC}"
EndProject
Project("{FAE04EC0-301F-11D3-BF4B-00C04F79EFBC}") = "JustGo.Booking.Test", "src\Modules\BookingModule\JustGo.Booking.Test\JustGo.Booking.Test.csproj", "{C8F71A70-8E65-84E9-C1F5-3C8C36F7AE8F}"
EndProject
Project("{FAE04EC0-301F-11D3-BF4B-00C04F79EFBC}") = "JustGo.Credential.Domain", "src\Modules\CredentialModule\JustGo.Credential.Domain\JustGo.Credential.Domain.csproj", "{D72F152A-267B-FE4A-FC97-FDF31907D95E}"
EndProject
Project("{FAE04EC0-301F-11D3-BF4B-00C04F79EFBC}") = "JustGo.Credential.Application", "src\Modules\CredentialModule\JustGo.Credential.Application\JustGo.Credential.Application.csproj", "{0C3DE6D9-D7FA-E960-952E-AA37A15A8C8D}"
EndProject
Project("{FAE04EC0-301F-11D3-BF4B-00C04F79EFBC}") = "JustGo.Credential.Infrastructure", "src\Modules\CredentialModule\JustGo.Credential.Infrastructure\JustGo.Credential.Infrastructure.csproj", "{671EF2C2-3A5C-D4B4-6FE5-EB2BFA0D5259}"
EndProject
Project("{FAE04EC0-301F-11D3-BF4B-00C04F79EFBC}") = "JustGo.Credential.API", "src\Modules\CredentialModule\JustGo.Credential.API\JustGo.Credential.API.csproj", "{20AF3472-1265-4231-361F-D62D90FBABFD}"
EndProject
Project("{FAE04EC0-301F-11D3-BF4B-00C04F79EFBC}") = "Credential.Test", "src\Modules\CredentialModule\Credential.Test\Credential.Test.csproj", "{E9309B17-D96B-DAEC-0A4F-DDA1B33B674F}"
EndProject
Project("{FAE04EC0-301F-11D3-BF4B-00C04F79EFBC}") = "JustGo.FieldManagement.Domain", "src\Modules\FieldManagementModule\JustGo.FieldManagement.Domain\JustGo.FieldManagement.Domain.csproj", "{D40EE316-DD97-95BB-B7FF-875090D554F4}"
EndProject
Project("{FAE04EC0-301F-11D3-BF4B-00C04F79EFBC}") = "JustGo.FieldManagement.Application", "src\Modules\FieldManagementModule\JustGo.FieldManagement.Application\JustGo.FieldManagement.Application.csproj", "{C9E207FA-D2FB-B219-D2C2-14FB36FCCBE1}"
EndProject
Project("{FAE04EC0-301F-11D3-BF4B-00C04F79EFBC}") = "JustGo.FieldManagement.Infrastructure", "src\Modules\FieldManagementModule\JustGo.FieldManagement.Infrastructure\JustGo.FieldManagement.Infrastructure.csproj", "{730AF84D-0302-A647-BA55-C7AA8F845A0A}"
EndProject
Project("{FAE04EC0-301F-11D3-BF4B-00C04F79EFBC}") = "JustGo.FieldManagement.API", "src\Modules\FieldManagementModule\JustGo.FieldManagement.API\JustGo.FieldManagement.API.csproj", "{0A704E76-2BC3-1576-8285-2FE1C2CEC6F1}"
EndProject
Project("{FAE04EC0-301F-11D3-BF4B-00C04F79EFBC}") = "JustGo.FieldManagement.Test", "src\Modules\FieldManagementModule\JustGo.FieldManagement.Test\JustGo.FieldManagement.Test.csproj", "{D8026EE0-4EA1-1DC3-47DE-EDB606360336}"
EndProject
Project("{FAE04EC0-301F-11D3-BF4B-00C04F79EFBC}") = "JustGo.Finance.Domain", "src\Modules\FinanceModule\JustGo.Finance.Domain\JustGo.Finance.Domain.csproj", "{0B60F11D-94C5-0174-8DA5-8CB1DBBD3320}"
EndProject
Project("{FAE04EC0-301F-11D3-BF4B-00C04F79EFBC}") = "JustGo.Finance.Application", "src\Modules\FinanceModule\JustGo.Finance.Application\JustGo.Finance.Application.csproj", "{F9EFCEB0-609B-49FF-C685-30FC8B0CBF4C}"
EndProject
Project("{FAE04EC0-301F-11D3-BF4B-00C04F79EFBC}") = "JustGo.Finance.Infrastructure", "src\Modules\FinanceModule\JustGo.Finance.Infrastructure\JustGo.Finance.Infrastructure.csproj", "{50D40057-C6AC-2CDF-F771-64C6AF0E83E7}"
EndProject
Project("{FAE04EC0-301F-11D3-BF4B-00C04F79EFBC}") = "JustGo.Finance.API", "src\Modules\FinanceModule\JustGo.Finance.API\JustGo.Finance.API.csproj", "{01D81E2D-6E8F-DBDA-A3F0-B87B1A5B727D}"
EndProject
Project("{FAE04EC0-301F-11D3-BF4B-00C04F79EFBC}") = "JustGo.MemberProfile.Domain", "src\Modules\MemberProfileModule\JustGo.MemberProfile.Domain\JustGo.MemberProfile.Domain.csproj", "{53FA2B10-BE27-F61A-1BB5-A8B6305EB74F}"
EndProject
Project("{FAE04EC0-301F-11D3-BF4B-00C04F79EFBC}") = "JustGo.MemberProfile.Application", "src\Modules\MemberProfileModule\JustGo.MemberProfile.Application\JustGo.MemberProfile.Application.csproj", "{938F94F1-121D-2156-6B8D-57D9B009D05F}"
EndProject
Project("{FAE04EC0-301F-11D3-BF4B-00C04F79EFBC}") = "JustGo.MemberProfile.Infrastructure", "src\Modules\MemberProfileModule\JustGo.MemberProfile.Infrastructure\JustGo.MemberProfile.Infrastructure.csproj", "{A726DDD6-886C-7D7E-E120-CEBADB54913D}"
EndProject
Project("{FAE04EC0-301F-11D3-BF4B-00C04F79EFBC}") = "JustGo.MemberProfile.API", "src\Modules\MemberProfileModule\JustGo.MemberProfile.API\JustGo.MemberProfile.API.csproj", "{45D8FA07-CB71-6119-6D67-E44217A949CF}"
EndProject
Project("{FAE04EC0-301F-11D3-BF4B-00C04F79EFBC}") = "JustGo.MemberProfile.Test", "src\Modules\MemberProfileModule\JustGo.MemberProfile.Test\JustGo.MemberProfile.Test.csproj", "{67B7E391-F278-A7A1-70CE-89C53199DFC0}"
EndProject
Project("{FAE04EC0-301F-11D3-BF4B-00C04F79EFBC}") = "JustGo.Membership.Domain", "src\Modules\MembershipModule\JustGo.Membership.Domain\JustGo.Membership.Domain.csproj", "{F54778E7-E312-19C5-9A64-FB71BB992EED}"
EndProject
Project("{FAE04EC0-301F-11D3-BF4B-00C04F79EFBC}") = "JustGo.Membership.Application", "src\Modules\MembershipModule\JustGo.Membership.Application\JustGo.Membership.Application.csproj", "{00A01BF6-22AC-47AA-010E-64DF79806FBC}"
EndProject
Project("{FAE04EC0-301F-11D3-BF4B-00C04F79EFBC}") = "JustGo.Membership.Infrastructure", "src\Modules\MembershipModule\JustGo.Membership.Infrastructure\JustGo.Membership.Infrastructure.csproj", "{424435CC-9A88-6BEA-FE9E-62F19E1CC4E9}"
EndProject
Project("{FAE04EC0-301F-11D3-BF4B-00C04F79EFBC}") = "JustGo.Membership.Test", "src\Modules\MembershipModule\JustGo.Membership.Test\JustGo.Membership.Test.csproj", "{E7C73C25-B345-0191-7A3A-166864951F1C}"
EndProject
Project("{FAE04EC0-301F-11D3-BF4B-00C04F79EFBC}") = "JustGo.Membership.API", "src\Modules\MembershipModule\JustGo.Membership.API\JustGo.Membership.API.csproj", "{431CFD25-AD56-31E4-DB3C-5BAF70D7E468}"
EndProject
Project("{FAE04EC0-301F-11D3-BF4B-00C04F79EFBC}") = "MobileApps.Domain", "src\Modules\MobileAppsModule\MobileApps.Domain\MobileApps.Domain.csproj", "{10BF5DB0-E22F-90DF-1572-379B540E67FD}"
EndProject
Project("{FAE04EC0-301F-11D3-BF4B-00C04F79EFBC}") = "MobileApps.Application", "src\Modules\MobileAppsModule\MobileApps.Application\MobileApps.Application.csproj", "{1E8FF244-3F44-5051-CAA3-BA0D7B4A2B89}"
EndProject
Project("{FAE04EC0-301F-11D3-BF4B-00C04F79EFBC}") = "MobileApps.Infrastructure", "src\Modules\MobileAppsModule\MobileApps.Infrastructure\MobileApps.Infrastructure.csproj", "{A0A3A10A-4C3F-3F00-9828-DD133DCD3F36}"
EndProject
Project("{FAE04EC0-301F-11D3-BF4B-00C04F79EFBC}") = "MobileApps.API", "src\Modules\MobileAppsModule\MobileApps.API\MobileApps.API.csproj", "{B54394D3-2CF6-EC04-8048-D5C45377348B}"
EndProject
Project("{FAE04EC0-301F-11D3-BF4B-00C04F79EFBC}") = "JustGo.MobileApps.API.Test", "src\Modules\MobileAppsModule\JustGo.MobileApps.API.Test\JustGo.MobileApps.API.Test.csproj", "{B66ABF64-F153-9D82-4464-D0219BF97C4B}"
EndProject
Project("{FAE04EC0-301F-11D3-BF4B-00C04F79EFBC}") = "JustGo.Organisation.Domain", "src\Modules\OrganisationModule\JustGo.Organisation.Domain\JustGo.Organisation.Domain.csproj", "{D0AC07FD-32AC-91EE-86C2-582E12D8015B}"
EndProject
Project("{FAE04EC0-301F-11D3-BF4B-00C04F79EFBC}") = "JustGo.Organisation.Application", "src\Modules\OrganisationModule\JustGo.Organisation.Application\JustGo.Organisation.Application.csproj", "{88AA21E8-54FF-C860-098E-8C53EC5BAF95}"
EndProject
Project("{FAE04EC0-301F-11D3-BF4B-00C04F79EFBC}") = "JustGo.Organisation.Infrastructure", "src\Modules\OrganisationModule\JustGo.Organisation.Infrastructure\JustGo.Organisation.Infrastructure.csproj", "{17880FC4-4247-45EC-CD2D-CB663D6047B3}"
EndProject
Project("{FAE04EC0-301F-11D3-BF4B-00C04F79EFBC}") = "JustGo.Organisation.API", "src\Modules\OrganisationModule\JustGo.Organisation.API\JustGo.Organisation.API.csproj", "{13D89813-A3BE-0EC3-1462-57E8699E376D}"
EndProject
Project("{FAE04EC0-301F-11D3-BF4B-00C04F79EFBC}") = "JustGo.Organisation.Test", "src\Modules\OrganisationModule\JustGo.Organisation.Test\JustGo.Organisation.Test.csproj", "{53FF1331-FFF0-19D4-A7C0-2E120E921FE9}"
EndProject
Project("{FAE04EC0-301F-11D3-BF4B-00C04F79EFBC}") = "JustGo.Result.Domain", "src\Modules\ResultModule\JustGo.Result.Domain\JustGo.Result.Domain.csproj", "{38470175-F6CD-4151-2997-E9C2B45FF49F}"
EndProject
Project("{FAE04EC0-301F-11D3-BF4B-00C04F79EFBC}") = "JustGo.Result.Application", "src\Modules\ResultModule\JustGo.Result.Application\JustGo.Result.Application.csproj", "{268F7F35-9E45-DB2E-AA3E-BE10FA1FD695}"
EndProject
Project("{FAE04EC0-301F-11D3-BF4B-00C04F79EFBC}") = "JustGo.Result.Infrastructure", "src\Modules\ResultModule\JustGo.Result.Infrastructure\JustGo.Result.Infrastructure.csproj", "{0C160166-869F-B926-65B6-89B5D88D7E7F}"
EndProject
Project("{FAE04EC0-301F-11D3-BF4B-00C04F79EFBC}") = "JustGo.Result.API", "src\Modules\ResultModule\JustGo.Result.API\JustGo.Result.API.csproj", "{7F608DBE-C5C3-F163-A11F-3971591A9361}"
EndProject
Project("{FAE04EC0-301F-11D3-BF4B-00C04F79EFBC}") = "JustGo.Result.Test", "src\Modules\ResultModule\JustGo.Result.Test\JustGo.Result.Test.csproj", "{F6A767CE-CDCD-F701-2D5C-CDE2BEA101F4}"
EndProject
Global
	GlobalSection(SolutionConfigurationPlatforms) = preSolution
		Debug|Any CPU = Debug|Any CPU
		Release|Any CPU = Release|Any CPU
	EndGlobalSection
	GlobalSection(ProjectConfigurationPlatforms) = postSolution
		{983097C3-8EC9-430E-BDFF-0C469D788064}.Debug|Any CPU.ActiveCfg = Debug|Any CPU
		{983097C3-8EC9-430E-BDFF-0C469D788064}.Debug|Any CPU.Build.0 = Debug|Any CPU
		{983097C3-8EC9-430E-BDFF-0C469D788064}.Release|Any CPU.ActiveCfg = Release|Any CPU
		{983097C3-8EC9-430E-BDFF-0C469D788064}.Release|Any CPU.Build.0 = Release|Any CPU
		{2A6D4009-CF1C-6E0D-8C85-80177637028D}.Debug|Any CPU.ActiveCfg = Debug|Any CPU
		{2A6D4009-CF1C-6E0D-8C85-80177637028D}.Debug|Any CPU.Build.0 = Debug|Any CPU
		{2A6D4009-CF1C-6E0D-8C85-80177637028D}.Release|Any CPU.ActiveCfg = Release|Any CPU
		{2A6D4009-CF1C-6E0D-8C85-80177637028D}.Release|Any CPU.Build.0 = Release|Any CPU
		{EF567ABD-A3FB-0B20-CF78-613E0B263E5C}.Debug|Any CPU.ActiveCfg = Debug|Any CPU
		{EF567ABD-A3FB-0B20-CF78-613E0B263E5C}.Debug|Any CPU.Build.0 = Debug|Any CPU
		{EF567ABD-A3FB-0B20-CF78-613E0B263E5C}.Release|Any CPU.ActiveCfg = Release|Any CPU
		{EF567ABD-A3FB-0B20-CF78-613E0B263E5C}.Release|Any CPU.Build.0 = Release|Any CPU
		{276D0C99-7D12-FDA2-931D-4785A027E8AB}.Debug|Any CPU.ActiveCfg = Debug|Any CPU
		{276D0C99-7D12-FDA2-931D-4785A027E8AB}.Debug|Any CPU.Build.0 = Debug|Any CPU
		{276D0C99-7D12-FDA2-931D-4785A027E8AB}.Release|Any CPU.ActiveCfg = Release|Any CPU
		{276D0C99-7D12-FDA2-931D-4785A027E8AB}.Release|Any CPU.Build.0 = Release|Any CPU
		{002F251B-20CE-B894-92FE-221A96BD7C13}.Debug|Any CPU.ActiveCfg = Debug|Any CPU
		{002F251B-20CE-B894-92FE-221A96BD7C13}.Debug|Any CPU.Build.0 = Debug|Any CPU
		{002F251B-20CE-B894-92FE-221A96BD7C13}.Release|Any CPU.ActiveCfg = Release|Any CPU
		{002F251B-20CE-B894-92FE-221A96BD7C13}.Release|Any CPU.Build.0 = Release|Any CPU
		{73058172-EAA4-EAC6-0ECD-6609DB13131D}.Debug|Any CPU.ActiveCfg = Debug|Any CPU
		{73058172-EAA4-EAC6-0ECD-6609DB13131D}.Debug|Any CPU.Build.0 = Debug|Any CPU
		{73058172-EAA4-EAC6-0ECD-6609DB13131D}.Release|Any CPU.ActiveCfg = Release|Any CPU
		{73058172-EAA4-EAC6-0ECD-6609DB13131D}.Release|Any CPU.Build.0 = Release|Any CPU
		{8B96E760-213E-F11F-0858-9159B9A952F8}.Debug|Any CPU.ActiveCfg = Debug|Any CPU
		{8B96E760-213E-F11F-0858-9159B9A952F8}.Debug|Any CPU.Build.0 = Debug|Any CPU
		{8B96E760-213E-F11F-0858-9159B9A952F8}.Release|Any CPU.ActiveCfg = Release|Any CPU
		{8B96E760-213E-F11F-0858-9159B9A952F8}.Release|Any CPU.Build.0 = Release|Any CPU
		{FA3CDED9-112C-7B9A-483F-4F838E0386B9}.Debug|Any CPU.ActiveCfg = Debug|Any CPU
		{FA3CDED9-112C-7B9A-483F-4F838E0386B9}.Debug|Any CPU.Build.0 = Debug|Any CPU
		{FA3CDED9-112C-7B9A-483F-4F838E0386B9}.Release|Any CPU.ActiveCfg = Release|Any CPU
		{FA3CDED9-112C-7B9A-483F-4F838E0386B9}.Release|Any CPU.Build.0 = Release|Any CPU
		{EDCFC79E-77C5-F588-950C-A351443654B7}.Debug|Any CPU.ActiveCfg = Debug|Any CPU
		{EDCFC79E-77C5-F588-950C-A351443654B7}.Debug|Any CPU.Build.0 = Debug|Any CPU
		{EDCFC79E-77C5-F588-950C-A351443654B7}.Release|Any CPU.ActiveCfg = Release|Any CPU
		{EDCFC79E-77C5-F588-950C-A351443654B7}.Release|Any CPU.Build.0 = Release|Any CPU
		{CB8D4D98-873B-46C2-66A9-44FAEE2C8880}.Debug|Any CPU.ActiveCfg = Debug|Any CPU
		{CB8D4D98-873B-46C2-66A9-44FAEE2C8880}.Debug|Any CPU.Build.0 = Debug|Any CPU
		{CB8D4D98-873B-46C2-66A9-44FAEE2C8880}.Release|Any CPU.ActiveCfg = Release|Any CPU
		{CB8D4D98-873B-46C2-66A9-44FAEE2C8880}.Release|Any CPU.Build.0 = Release|Any CPU
		{E35D41E9-A45E-2EAF-BF60-14062A58FB0F}.Debug|Any CPU.ActiveCfg = Debug|Any CPU
		{E35D41E9-A45E-2EAF-BF60-14062A58FB0F}.Debug|Any CPU.Build.0 = Debug|Any CPU
		{E35D41E9-A45E-2EAF-BF60-14062A58FB0F}.Release|Any CPU.ActiveCfg = Release|Any CPU
		{E35D41E9-A45E-2EAF-BF60-14062A58FB0F}.Release|Any CPU.Build.0 = Release|Any CPU
		{F8334DF9-C2E7-12EC-E473-45635543CA6B}.Debug|Any CPU.ActiveCfg = Debug|Any CPU
		{F8334DF9-C2E7-12EC-E473-45635543CA6B}.Debug|Any CPU.Build.0 = Debug|Any CPU
		{F8334DF9-C2E7-12EC-E473-45635543CA6B}.Release|Any CPU.ActiveCfg = Release|Any CPU
		{F8334DF9-C2E7-12EC-E473-45635543CA6B}.Release|Any CPU.Build.0 = Release|Any CPU
		{A6491603-03C1-B91B-4A12-465C1529F3E0}.Debug|Any CPU.ActiveCfg = Debug|Any CPU
		{A6491603-03C1-B91B-4A12-465C1529F3E0}.Debug|Any CPU.Build.0 = Debug|Any CPU
		{A6491603-03C1-B91B-4A12-465C1529F3E0}.Release|Any CPU.ActiveCfg = Release|Any CPU
		{A6491603-03C1-B91B-4A12-465C1529F3E0}.Release|Any CPU.Build.0 = Release|Any CPU
		{01464B1D-21B0-CC25-754C-3A4780290F4A}.Debug|Any CPU.ActiveCfg = Debug|Any CPU
		{01464B1D-21B0-CC25-754C-3A4780290F4A}.Debug|Any CPU.Build.0 = Debug|Any CPU
		{01464B1D-21B0-CC25-754C-3A4780290F4A}.Release|Any CPU.ActiveCfg = Release|Any CPU
		{01464B1D-21B0-CC25-754C-3A4780290F4A}.Release|Any CPU.Build.0 = Release|Any CPU
		{F7A860C2-6485-7325-5424-AE28F95D0AA3}.Debug|Any CPU.ActiveCfg = Debug|Any CPU
		{F7A860C2-6485-7325-5424-AE28F95D0AA3}.Debug|Any CPU.Build.0 = Debug|Any CPU
		{F7A860C2-6485-7325-5424-AE28F95D0AA3}.Release|Any CPU.ActiveCfg = Release|Any CPU
		{F7A860C2-6485-7325-5424-AE28F95D0AA3}.Release|Any CPU.Build.0 = Release|Any CPU
		{59D58FC8-8962-6BEC-45B7-ECBF3AD55607}.Debug|Any CPU.ActiveCfg = Debug|Any CPU
		{59D58FC8-8962-6BEC-45B7-ECBF3AD55607}.Debug|Any CPU.Build.0 = Debug|Any CPU
		{59D58FC8-8962-6BEC-45B7-ECBF3AD55607}.Release|Any CPU.ActiveCfg = Release|Any CPU
		{59D58FC8-8962-6BEC-45B7-ECBF3AD55607}.Release|Any CPU.Build.0 = Release|Any CPU
		{4B7A8754-1FD2-2FE4-C314-BC522158E284}.Debug|Any CPU.ActiveCfg = Debug|Any CPU
		{4B7A8754-1FD2-2FE4-C314-BC522158E284}.Debug|Any CPU.Build.0 = Debug|Any CPU
		{4B7A8754-1FD2-2FE4-C314-BC522158E284}.Release|Any CPU.ActiveCfg = Release|Any CPU
		{4B7A8754-1FD2-2FE4-C314-BC522158E284}.Release|Any CPU.Build.0 = Release|Any CPU
		{8D5D477C-B9F7-3DCB-D7DA-F2AC21D3B134}.Debug|Any CPU.ActiveCfg = Debug|Any CPU
		{8D5D477C-B9F7-3DCB-D7DA-F2AC21D3B134}.Debug|Any CPU.Build.0 = Debug|Any CPU
		{8D5D477C-B9F7-3DCB-D7DA-F2AC21D3B134}.Release|Any CPU.ActiveCfg = Release|Any CPU
		{8D5D477C-B9F7-3DCB-D7DA-F2AC21D3B134}.Release|Any CPU.Build.0 = Release|Any CPU
		{3512FFF2-D4F0-02A2-371C-5881DD2A72DC}.Debug|Any CPU.ActiveCfg = Debug|Any CPU
		{3512FFF2-D4F0-02A2-371C-5881DD2A72DC}.Debug|Any CPU.Build.0 = Debug|Any CPU
		{3512FFF2-D4F0-02A2-371C-5881DD2A72DC}.Release|Any CPU.ActiveCfg = Release|Any CPU
		{3512FFF2-D4F0-02A2-371C-5881DD2A72DC}.Release|Any CPU.Build.0 = Release|Any CPU
		{C8F71A70-8E65-84E9-C1F5-3C8C36F7AE8F}.Debug|Any CPU.ActiveCfg = Debug|Any CPU
		{C8F71A70-8E65-84E9-C1F5-3C8C36F7AE8F}.Debug|Any CPU.Build.0 = Debug|Any CPU
		{C8F71A70-8E65-84E9-C1F5-3C8C36F7AE8F}.Release|Any CPU.ActiveCfg = Release|Any CPU
		{C8F71A70-8E65-84E9-C1F5-3C8C36F7AE8F}.Release|Any CPU.Build.0 = Release|Any CPU
		{D72F152A-267B-FE4A-FC97-FDF31907D95E}.Debug|Any CPU.ActiveCfg = Debug|Any CPU
		{D72F152A-267B-FE4A-FC97-FDF31907D95E}.Debug|Any CPU.Build.0 = Debug|Any CPU
		{D72F152A-267B-FE4A-FC97-FDF31907D95E}.Release|Any CPU.ActiveCfg = Release|Any CPU
		{D72F152A-267B-FE4A-FC97-FDF31907D95E}.Release|Any CPU.Build.0 = Release|Any CPU
		{0C3DE6D9-D7FA-E960-952E-AA37A15A8C8D}.Debug|Any CPU.ActiveCfg = Debug|Any CPU
		{0C3DE6D9-D7FA-E960-952E-AA37A15A8C8D}.Debug|Any CPU.Build.0 = Debug|Any CPU
		{0C3DE6D9-D7FA-E960-952E-AA37A15A8C8D}.Release|Any CPU.ActiveCfg = Release|Any CPU
		{0C3DE6D9-D7FA-E960-952E-AA37A15A8C8D}.Release|Any CPU.Build.0 = Release|Any CPU
		{671EF2C2-3A5C-D4B4-6FE5-EB2BFA0D5259}.Debug|Any CPU.ActiveCfg = Debug|Any CPU
		{671EF2C2-3A5C-D4B4-6FE5-EB2BFA0D5259}.Debug|Any CPU.Build.0 = Debug|Any CPU
		{671EF2C2-3A5C-D4B4-6FE5-EB2BFA0D5259}.Release|Any CPU.ActiveCfg = Release|Any CPU
		{671EF2C2-3A5C-D4B4-6FE5-EB2BFA0D5259}.Release|Any CPU.Build.0 = Release|Any CPU
		{20AF3472-1265-4231-361F-D62D90FBABFD}.Debug|Any CPU.ActiveCfg = Debug|Any CPU
		{20AF3472-1265-4231-361F-D62D90FBABFD}.Debug|Any CPU.Build.0 = Debug|Any CPU
		{20AF3472-1265-4231-361F-D62D90FBABFD}.Release|Any CPU.ActiveCfg = Release|Any CPU
		{20AF3472-1265-4231-361F-D62D90FBABFD}.Release|Any CPU.Build.0 = Release|Any CPU
		{E9309B17-D96B-DAEC-0A4F-DDA1B33B674F}.Debug|Any CPU.ActiveCfg = Debug|Any CPU
		{E9309B17-D96B-DAEC-0A4F-DDA1B33B674F}.Debug|Any CPU.Build.0 = Debug|Any CPU
		{E9309B17-D96B-DAEC-0A4F-DDA1B33B674F}.Release|Any CPU.ActiveCfg = Release|Any CPU
		{E9309B17-D96B-DAEC-0A4F-DDA1B33B674F}.Release|Any CPU.Build.0 = Release|Any CPU
		{D40EE316-DD97-95BB-B7FF-875090D554F4}.Debug|Any CPU.ActiveCfg = Debug|Any CPU
		{D40EE316-DD97-95BB-B7FF-875090D554F4}.Debug|Any CPU.Build.0 = Debug|Any CPU
		{D40EE316-DD97-95BB-B7FF-875090D554F4}.Release|Any CPU.ActiveCfg = Release|Any CPU
		{D40EE316-DD97-95BB-B7FF-875090D554F4}.Release|Any CPU.Build.0 = Release|Any CPU
		{C9E207FA-D2FB-B219-D2C2-14FB36FCCBE1}.Debug|Any CPU.ActiveCfg = Debug|Any CPU
		{C9E207FA-D2FB-B219-D2C2-14FB36FCCBE1}.Debug|Any CPU.Build.0 = Debug|Any CPU
		{C9E207FA-D2FB-B219-D2C2-14FB36FCCBE1}.Release|Any CPU.ActiveCfg = Release|Any CPU
		{C9E207FA-D2FB-B219-D2C2-14FB36FCCBE1}.Release|Any CPU.Build.0 = Release|Any CPU
		{730AF84D-0302-A647-BA55-C7AA8F845A0A}.Debug|Any CPU.ActiveCfg = Debug|Any CPU
		{730AF84D-0302-A647-BA55-C7AA8F845A0A}.Debug|Any CPU.Build.0 = Debug|Any CPU
		{730AF84D-0302-A647-BA55-C7AA8F845A0A}.Release|Any CPU.ActiveCfg = Release|Any CPU
		{730AF84D-0302-A647-BA55-C7AA8F845A0A}.Release|Any CPU.Build.0 = Release|Any CPU
		{0A704E76-2BC3-1576-8285-2FE1C2CEC6F1}.Debug|Any CPU.ActiveCfg = Debug|Any CPU
		{0A704E76-2BC3-1576-8285-2FE1C2CEC6F1}.Debug|Any CPU.Build.0 = Debug|Any CPU
		{0A704E76-2BC3-1576-8285-2FE1C2CEC6F1}.Release|Any CPU.ActiveCfg = Release|Any CPU
		{0A704E76-2BC3-1576-8285-2FE1C2CEC6F1}.Release|Any CPU.Build.0 = Release|Any CPU
		{D8026EE0-4EA1-1DC3-47DE-EDB606360336}.Debug|Any CPU.ActiveCfg = Debug|Any CPU
		{D8026EE0-4EA1-1DC3-47DE-EDB606360336}.Debug|Any CPU.Build.0 = Debug|Any CPU
		{D8026EE0-4EA1-1DC3-47DE-EDB606360336}.Release|Any CPU.ActiveCfg = Release|Any CPU
		{D8026EE0-4EA1-1DC3-47DE-EDB606360336}.Release|Any CPU.Build.0 = Release|Any CPU
		{0B60F11D-94C5-0174-8DA5-8CB1DBBD3320}.Debug|Any CPU.ActiveCfg = Debug|Any CPU
		{0B60F11D-94C5-0174-8DA5-8CB1DBBD3320}.Debug|Any CPU.Build.0 = Debug|Any CPU
		{0B60F11D-94C5-0174-8DA5-8CB1DBBD3320}.Release|Any CPU.ActiveCfg = Release|Any CPU
		{0B60F11D-94C5-0174-8DA5-8CB1DBBD3320}.Release|Any CPU.Build.0 = Release|Any CPU
		{F9EFCEB0-609B-49FF-C685-30FC8B0CBF4C}.Debug|Any CPU.ActiveCfg = Debug|Any CPU
		{F9EFCEB0-609B-49FF-C685-30FC8B0CBF4C}.Debug|Any CPU.Build.0 = Debug|Any CPU
		{F9EFCEB0-609B-49FF-C685-30FC8B0CBF4C}.Release|Any CPU.ActiveCfg = Release|Any CPU
		{F9EFCEB0-609B-49FF-C685-30FC8B0CBF4C}.Release|Any CPU.Build.0 = Release|Any CPU
		{50D40057-C6AC-2CDF-F771-64C6AF0E83E7}.Debug|Any CPU.ActiveCfg = Debug|Any CPU
		{50D40057-C6AC-2CDF-F771-64C6AF0E83E7}.Debug|Any CPU.Build.0 = Debug|Any CPU
		{50D40057-C6AC-2CDF-F771-64C6AF0E83E7}.Release|Any CPU.ActiveCfg = Release|Any CPU
		{50D40057-C6AC-2CDF-F771-64C6AF0E83E7}.Release|Any CPU.Build.0 = Release|Any CPU
		{01D81E2D-6E8F-DBDA-A3F0-B87B1A5B727D}.Debug|Any CPU.ActiveCfg = Debug|Any CPU
		{01D81E2D-6E8F-DBDA-A3F0-B87B1A5B727D}.Debug|Any CPU.Build.0 = Debug|Any CPU
		{01D81E2D-6E8F-DBDA-A3F0-B87B1A5B727D}.Release|Any CPU.ActiveCfg = Release|Any CPU
		{01D81E2D-6E8F-DBDA-A3F0-B87B1A5B727D}.Release|Any CPU.Build.0 = Release|Any CPU
		{53FA2B10-BE27-F61A-1BB5-A8B6305EB74F}.Debug|Any CPU.ActiveCfg = Debug|Any CPU
		{53FA2B10-BE27-F61A-1BB5-A8B6305EB74F}.Debug|Any CPU.Build.0 = Debug|Any CPU
		{53FA2B10-BE27-F61A-1BB5-A8B6305EB74F}.Release|Any CPU.ActiveCfg = Release|Any CPU
		{53FA2B10-BE27-F61A-1BB5-A8B6305EB74F}.Release|Any CPU.Build.0 = Release|Any CPU
		{938F94F1-121D-2156-6B8D-57D9B009D05F}.Debug|Any CPU.ActiveCfg = Debug|Any CPU
		{938F94F1-121D-2156-6B8D-57D9B009D05F}.Debug|Any CPU.Build.0 = Debug|Any CPU
		{938F94F1-121D-2156-6B8D-57D9B009D05F}.Release|Any CPU.ActiveCfg = Release|Any CPU
		{938F94F1-121D-2156-6B8D-57D9B009D05F}.Release|Any CPU.Build.0 = Release|Any CPU
		{A726DDD6-886C-7D7E-E120-CEBADB54913D}.Debug|Any CPU.ActiveCfg = Debug|Any CPU
		{A726DDD6-886C-7D7E-E120-CEBADB54913D}.Debug|Any CPU.Build.0 = Debug|Any CPU
		{A726DDD6-886C-7D7E-E120-CEBADB54913D}.Release|Any CPU.ActiveCfg = Release|Any CPU
		{A726DDD6-886C-7D7E-E120-CEBADB54913D}.Release|Any CPU.Build.0 = Release|Any CPU
		{45D8FA07-CB71-6119-6D67-E44217A949CF}.Debug|Any CPU.ActiveCfg = Debug|Any CPU
		{45D8FA07-CB71-6119-6D67-E44217A949CF}.Debug|Any CPU.Build.0 = Debug|Any CPU
		{45D8FA07-CB71-6119-6D67-E44217A949CF}.Release|Any CPU.ActiveCfg = Release|Any CPU
		{45D8FA07-CB71-6119-6D67-E44217A949CF}.Release|Any CPU.Build.0 = Release|Any CPU
		{67B7E391-F278-A7A1-70CE-89C53199DFC0}.Debug|Any CPU.ActiveCfg = Debug|Any CPU
		{67B7E391-F278-A7A1-70CE-89C53199DFC0}.Debug|Any CPU.Build.0 = Debug|Any CPU
		{67B7E391-F278-A7A1-70CE-89C53199DFC0}.Release|Any CPU.ActiveCfg = Release|Any CPU
		{67B7E391-F278-A7A1-70CE-89C53199DFC0}.Release|Any CPU.Build.0 = Release|Any CPU
		{F54778E7-E312-19C5-9A64-FB71BB992EED}.Debug|Any CPU.ActiveCfg = Debug|Any CPU
		{F54778E7-E312-19C5-9A64-FB71BB992EED}.Debug|Any CPU.Build.0 = Debug|Any CPU
		{F54778E7-E312-19C5-9A64-FB71BB992EED}.Release|Any CPU.ActiveCfg = Release|Any CPU
		{F54778E7-E312-19C5-9A64-FB71BB992EED}.Release|Any CPU.Build.0 = Release|Any CPU
		{00A01BF6-22AC-47AA-010E-64DF79806FBC}.Debug|Any CPU.ActiveCfg = Debug|Any CPU
		{00A01BF6-22AC-47AA-010E-64DF79806FBC}.Debug|Any CPU.Build.0 = Debug|Any CPU
		{00A01BF6-22AC-47AA-010E-64DF79806FBC}.Release|Any CPU.ActiveCfg = Release|Any CPU
		{00A01BF6-22AC-47AA-010E-64DF79806FBC}.Release|Any CPU.Build.0 = Release|Any CPU
		{424435CC-9A88-6BEA-FE9E-62F19E1CC4E9}.Debug|Any CPU.ActiveCfg = Debug|Any CPU
		{424435CC-9A88-6BEA-FE9E-62F19E1CC4E9}.Debug|Any CPU.Build.0 = Debug|Any CPU
		{424435CC-9A88-6BEA-FE9E-62F19E1CC4E9}.Release|Any CPU.ActiveCfg = Release|Any CPU
		{424435CC-9A88-6BEA-FE9E-62F19E1CC4E9}.Release|Any CPU.Build.0 = Release|Any CPU
		{E7C73C25-B345-0191-7A3A-166864951F1C}.Debug|Any CPU.ActiveCfg = Debug|Any CPU
		{E7C73C25-B345-0191-7A3A-166864951F1C}.Debug|Any CPU.Build.0 = Debug|Any CPU
		{E7C73C25-B345-0191-7A3A-166864951F1C}.Release|Any CPU.ActiveCfg = Release|Any CPU
		{E7C73C25-B345-0191-7A3A-166864951F1C}.Release|Any CPU.Build.0 = Release|Any CPU
		{431CFD25-AD56-31E4-DB3C-5BAF70D7E468}.Debug|Any CPU.ActiveCfg = Debug|Any CPU
		{431CFD25-AD56-31E4-DB3C-5BAF70D7E468}.Debug|Any CPU.Build.0 = Debug|Any CPU
		{431CFD25-AD56-31E4-DB3C-5BAF70D7E468}.Release|Any CPU.ActiveCfg = Release|Any CPU
		{431CFD25-AD56-31E4-DB3C-5BAF70D7E468}.Release|Any CPU.Build.0 = Release|Any CPU
		{10BF5DB0-E22F-90DF-1572-379B540E67FD}.Debug|Any CPU.ActiveCfg = Debug|Any CPU
		{10BF5DB0-E22F-90DF-1572-379B540E67FD}.Debug|Any CPU.Build.0 = Debug|Any CPU
		{10BF5DB0-E22F-90DF-1572-379B540E67FD}.Release|Any CPU.ActiveCfg = Release|Any CPU
		{10BF5DB0-E22F-90DF-1572-379B540E67FD}.Release|Any CPU.Build.0 = Release|Any CPU
		{1E8FF244-3F44-5051-CAA3-BA0D7B4A2B89}.Debug|Any CPU.ActiveCfg = Debug|Any CPU
		{1E8FF244-3F44-5051-CAA3-BA0D7B4A2B89}.Debug|Any CPU.Build.0 = Debug|Any CPU
		{1E8FF244-3F44-5051-CAA3-BA0D7B4A2B89}.Release|Any CPU.ActiveCfg = Release|Any CPU
		{1E8FF244-3F44-5051-CAA3-BA0D7B4A2B89}.Release|Any CPU.Build.0 = Release|Any CPU
		{A0A3A10A-4C3F-3F00-9828-DD133DCD3F36}.Debug|Any CPU.ActiveCfg = Debug|Any CPU
		{A0A3A10A-4C3F-3F00-9828-DD133DCD3F36}.Debug|Any CPU.Build.0 = Debug|Any CPU
		{A0A3A10A-4C3F-3F00-9828-DD133DCD3F36}.Release|Any CPU.ActiveCfg = Release|Any CPU
		{A0A3A10A-4C3F-3F00-9828-DD133DCD3F36}.Release|Any CPU.Build.0 = Release|Any CPU
		{B54394D3-2CF6-EC04-8048-D5C45377348B}.Debug|Any CPU.ActiveCfg = Debug|Any CPU
		{B54394D3-2CF6-EC04-8048-D5C45377348B}.Debug|Any CPU.Build.0 = Debug|Any CPU
		{B54394D3-2CF6-EC04-8048-D5C45377348B}.Release|Any CPU.ActiveCfg = Release|Any CPU
		{B54394D3-2CF6-EC04-8048-D5C45377348B}.Release|Any CPU.Build.0 = Release|Any CPU
		{B66ABF64-F153-9D82-4464-D0219BF97C4B}.Debug|Any CPU.ActiveCfg = Debug|Any CPU
		{B66ABF64-F153-9D82-4464-D0219BF97C4B}.Debug|Any CPU.Build.0 = Debug|Any CPU
		{B66ABF64-F153-9D82-4464-D0219BF97C4B}.Release|Any CPU.ActiveCfg = Release|Any CPU
		{B66ABF64-F153-9D82-4464-D0219BF97C4B}.Release|Any CPU.Build.0 = Release|Any CPU
		{D0AC07FD-32AC-91EE-86C2-582E12D8015B}.Debug|Any CPU.ActiveCfg = Debug|Any CPU
		{D0AC07FD-32AC-91EE-86C2-582E12D8015B}.Debug|Any CPU.Build.0 = Debug|Any CPU
		{D0AC07FD-32AC-91EE-86C2-582E12D8015B}.Release|Any CPU.ActiveCfg = Release|Any CPU
		{D0AC07FD-32AC-91EE-86C2-582E12D8015B}.Release|Any CPU.Build.0 = Release|Any CPU
		{88AA21E8-54FF-C860-098E-8C53EC5BAF95}.Debug|Any CPU.ActiveCfg = Debug|Any CPU
		{88AA21E8-54FF-C860-098E-8C53EC5BAF95}.Debug|Any CPU.Build.0 = Debug|Any CPU
		{88AA21E8-54FF-C860-098E-8C53EC5BAF95}.Release|Any CPU.ActiveCfg = Release|Any CPU
		{88AA21E8-54FF-C860-098E-8C53EC5BAF95}.Release|Any CPU.Build.0 = Release|Any CPU
		{17880FC4-4247-45EC-CD2D-CB663D6047B3}.Debug|Any CPU.ActiveCfg = Debug|Any CPU
		{17880FC4-4247-45EC-CD2D-CB663D6047B3}.Debug|Any CPU.Build.0 = Debug|Any CPU
		{17880FC4-4247-45EC-CD2D-CB663D6047B3}.Release|Any CPU.ActiveCfg = Release|Any CPU
		{17880FC4-4247-45EC-CD2D-CB663D6047B3}.Release|Any CPU.Build.0 = Release|Any CPU
		{13D89813-A3BE-0EC3-1462-57E8699E376D}.Debug|Any CPU.ActiveCfg = Debug|Any CPU
		{13D89813-A3BE-0EC3-1462-57E8699E376D}.Debug|Any CPU.Build.0 = Debug|Any CPU
		{13D89813-A3BE-0EC3-1462-57E8699E376D}.Release|Any CPU.ActiveCfg = Release|Any CPU
		{13D89813-A3BE-0EC3-1462-57E8699E376D}.Release|Any CPU.Build.0 = Release|Any CPU
		{53FF1331-FFF0-19D4-A7C0-2E120E921FE9}.Debug|Any CPU.ActiveCfg = Debug|Any CPU
		{53FF1331-FFF0-19D4-A7C0-2E120E921FE9}.Debug|Any CPU.Build.0 = Debug|Any CPU
		{53FF1331-FFF0-19D4-A7C0-2E120E921FE9}.Release|Any CPU.ActiveCfg = Release|Any CPU
		{53FF1331-FFF0-19D4-A7C0-2E120E921FE9}.Release|Any CPU.Build.0 = Release|Any CPU
		{38470175-F6CD-4151-2997-E9C2B45FF49F}.Debug|Any CPU.ActiveCfg = Debug|Any CPU
		{38470175-F6CD-4151-2997-E9C2B45FF49F}.Debug|Any CPU.Build.0 = Debug|Any CPU
		{38470175-F6CD-4151-2997-E9C2B45FF49F}.Release|Any CPU.ActiveCfg = Release|Any CPU
		{38470175-F6CD-4151-2997-E9C2B45FF49F}.Release|Any CPU.Build.0 = Release|Any CPU
		{268F7F35-9E45-DB2E-AA3E-BE10FA1FD695}.Debug|Any CPU.ActiveCfg = Debug|Any CPU
		{268F7F35-9E45-DB2E-AA3E-BE10FA1FD695}.Debug|Any CPU.Build.0 = Debug|Any CPU
		{268F7F35-9E45-DB2E-AA3E-BE10FA1FD695}.Release|Any CPU.ActiveCfg = Release|Any CPU
		{268F7F35-9E45-DB2E-AA3E-BE10FA1FD695}.Release|Any CPU.Build.0 = Release|Any CPU
		{0C160166-869F-B926-65B6-89B5D88D7E7F}.Debug|Any CPU.ActiveCfg = Debug|Any CPU
		{0C160166-869F-B926-65B6-89B5D88D7E7F}.Debug|Any CPU.Build.0 = Debug|Any CPU
		{0C160166-869F-B926-65B6-89B5D88D7E7F}.Release|Any CPU.ActiveCfg = Release|Any CPU
		{0C160166-869F-B926-65B6-89B5D88D7E7F}.Release|Any CPU.Build.0 = Release|Any CPU
		{7F608DBE-C5C3-F163-A11F-3971591A9361}.Debug|Any CPU.ActiveCfg = Debug|Any CPU
		{7F608DBE-C5C3-F163-A11F-3971591A9361}.Debug|Any CPU.Build.0 = Debug|Any CPU
		{7F608DBE-C5C3-F163-A11F-3971591A9361}.Release|Any CPU.ActiveCfg = Release|Any CPU
		{7F608DBE-C5C3-F163-A11F-3971591A9361}.Release|Any CPU.Build.0 = Release|Any CPU
		{F6A767CE-CDCD-F701-2D5C-CDE2BEA101F4}.Debug|Any CPU.ActiveCfg = Debug|Any CPU
		{F6A767CE-CDCD-F701-2D5C-CDE2BEA101F4}.Debug|Any CPU.Build.0 = Debug|Any CPU
		{F6A767CE-CDCD-F701-2D5C-CDE2BEA101F4}.Release|Any CPU.ActiveCfg = Release|Any CPU
		{F6A767CE-CDCD-F701-2D5C-CDE2BEA101F4}.Release|Any CPU.Build.0 = Release|Any CPU
	EndGlobalSection
	GlobalSection(SolutionProperties) = preSolution
		HideSolutionNode = FALSE
	EndGlobalSection
	GlobalSection(NestedProjects) = preSolution
		{19B2BF66-496F-49BE-BFF7-DC63F4B1437E} = {495505D2-81B2-466E-BA5F-0B21EBF40E9B}
		{ABE7BDE5-44F5-40FA-AA3D-45911F896F5A} = {495505D2-81B2-466E-BA5F-0B21EBF40E9B}
		{A163432E-DEDD-4DCB-8FC0-CFC866EEE3E3} = {495505D2-81B2-466E-BA5F-0B21EBF40E9B}
		{7DEF0544-CFED-4F26-8263-198CD874F91D} = {495505D2-81B2-466E-BA5F-0B21EBF40E9B}
		{B406E00D-DF3F-43AB-93AC-598435B5DA1F} = {495505D2-81B2-466E-BA5F-0B21EBF40E9B}
		{CE8BBD1F-BF07-4F45-A0A8-ED8B67738406} = {495505D2-81B2-466E-BA5F-0B21EBF40E9B}
		{D08F0872-31DD-4A02-8A59-88186C033786} = {495505D2-81B2-466E-BA5F-0B21EBF40E9B}
		{DFFE7A69-4B61-48C8-97AC-CEF4C8EBC82D} = {495505D2-81B2-466E-BA5F-0B21EBF40E9B}
		{6177C7A2-FF43-407D-A258-F81B6080B92A} = {495505D2-81B2-466E-BA5F-0B21EBF40E9B}
		{9F10D28B-E459-4CE9-A813-101827BAA9C8} = {495505D2-81B2-466E-BA5F-0B21EBF40E9B}
		{02EA681E-C7D8-13C7-8484-4AC65E1B71E8} = {495505D2-81B2-466E-BA5F-0B21EBF40E9B}
		{73058172-EAA4-EAC6-0ECD-6609DB13131D} = {DFFE7A69-4B61-48C8-97AC-CEF4C8EBC82D}
		{8B96E760-213E-F11F-0858-9159B9A952F8} = {DFFE7A69-4B61-48C8-97AC-CEF4C8EBC82D}
		{FA3CDED9-112C-7B9A-483F-4F838E0386B9} = {DFFE7A69-4B61-48C8-97AC-CEF4C8EBC82D}
		{EDCFC79E-77C5-F588-950C-A351443654B7} = {DFFE7A69-4B61-48C8-97AC-CEF4C8EBC82D}
		{CB8D4D98-873B-46C2-66A9-44FAEE2C8880} = {DFFE7A69-4B61-48C8-97AC-CEF4C8EBC82D}
		{E35D41E9-A45E-2EAF-BF60-14062A58FB0F} = {ABE7BDE5-44F5-40FA-AA3D-45911F896F5A}
		{F8334DF9-C2E7-12EC-E473-45635543CA6B} = {ABE7BDE5-44F5-40FA-AA3D-45911F896F5A}
		{A6491603-03C1-B91B-4A12-465C1529F3E0} = {ABE7BDE5-44F5-40FA-AA3D-45911F896F5A}
		{01464B1D-21B0-CC25-754C-3A4780290F4A} = {ABE7BDE5-44F5-40FA-AA3D-45911F896F5A}
		{F7A860C2-6485-7325-5424-AE28F95D0AA3} = {ABE7BDE5-44F5-40FA-AA3D-45911F896F5A}
		{59D58FC8-8962-6BEC-45B7-ECBF3AD55607} = {9F10D28B-E459-4CE9-A813-101827BAA9C8}
		{4B7A8754-1FD2-2FE4-C314-BC522158E284} = {9F10D28B-E459-4CE9-A813-101827BAA9C8}
		{8D5D477C-B9F7-3DCB-D7DA-F2AC21D3B134} = {9F10D28B-E459-4CE9-A813-101827BAA9C8}
		{3512FFF2-D4F0-02A2-371C-5881DD2A72DC} = {9F10D28B-E459-4CE9-A813-101827BAA9C8}
		{C8F71A70-8E65-84E9-C1F5-3C8C36F7AE8F} = {9F10D28B-E459-4CE9-A813-101827BAA9C8}
		{D72F152A-267B-FE4A-FC97-FDF31907D95E} = {CE8BBD1F-BF07-4F45-A0A8-ED8B67738406}
		{0C3DE6D9-D7FA-E960-952E-AA37A15A8C8D} = {CE8BBD1F-BF07-4F45-A0A8-ED8B67738406}
		{671EF2C2-3A5C-D4B4-6FE5-EB2BFA0D5259} = {CE8BBD1F-BF07-4F45-A0A8-ED8B67738406}
		{20AF3472-1265-4231-361F-D62D90FBABFD} = {CE8BBD1F-BF07-4F45-A0A8-ED8B67738406}
		{E9309B17-D96B-DAEC-0A4F-DDA1B33B674F} = {CE8BBD1F-BF07-4F45-A0A8-ED8B67738406}
		{D40EE316-DD97-95BB-B7FF-875090D554F4} = {6177C7A2-FF43-407D-A258-F81B6080B92A}
		{C9E207FA-D2FB-B219-D2C2-14FB36FCCBE1} = {6177C7A2-FF43-407D-A258-F81B6080B92A}
		{730AF84D-0302-A647-BA55-C7AA8F845A0A} = {6177C7A2-FF43-407D-A258-F81B6080B92A}
		{0A704E76-2BC3-1576-8285-2FE1C2CEC6F1} = {6177C7A2-FF43-407D-A258-F81B6080B92A}
		{D8026EE0-4EA1-1DC3-47DE-EDB606360336} = {6177C7A2-FF43-407D-A258-F81B6080B92A}
		{0B60F11D-94C5-0174-8DA5-8CB1DBBD3320} = {D08F0872-31DD-4A02-8A59-88186C033786}
		{F9EFCEB0-609B-49FF-C685-30FC8B0CBF4C} = {D08F0872-31DD-4A02-8A59-88186C033786}
		{50D40057-C6AC-2CDF-F771-64C6AF0E83E7} = {D08F0872-31DD-4A02-8A59-88186C033786}
		{01D81E2D-6E8F-DBDA-A3F0-B87B1A5B727D} = {D08F0872-31DD-4A02-8A59-88186C033786}
		{53FA2B10-BE27-F61A-1BB5-A8B6305EB74F} = {A163432E-DEDD-4DCB-8FC0-CFC866EEE3E3}
		{938F94F1-121D-2156-6B8D-57D9B009D05F} = {A163432E-DEDD-4DCB-8FC0-CFC866EEE3E3}
		{A726DDD6-886C-7D7E-E120-CEBADB54913D} = {A163432E-DEDD-4DCB-8FC0-CFC866EEE3E3}
		{45D8FA07-CB71-6119-6D67-E44217A949CF} = {A163432E-DEDD-4DCB-8FC0-CFC866EEE3E3}
		{67B7E391-F278-A7A1-70CE-89C53199DFC0} = {A163432E-DEDD-4DCB-8FC0-CFC866EEE3E3}
		{F54778E7-E312-19C5-9A64-FB71BB992EED} = {7DEF0544-CFED-4F26-8263-198CD874F91D}
		{00A01BF6-22AC-47AA-010E-64DF79806FBC} = {7DEF0544-CFED-4F26-8263-198CD874F91D}
		{424435CC-9A88-6BEA-FE9E-62F19E1CC4E9} = {7DEF0544-CFED-4F26-8263-198CD874F91D}
		{E7C73C25-B345-0191-7A3A-166864951F1C} = {7DEF0544-CFED-4F26-8263-198CD874F91D}
		{431CFD25-AD56-31E4-DB3C-5BAF70D7E468} = {7DEF0544-CFED-4F26-8263-198CD874F91D}
		{10BF5DB0-E22F-90DF-1572-379B540E67FD} = {19B2BF66-496F-49BE-BFF7-DC63F4B1437E}
		{1E8FF244-3F44-5051-CAA3-BA0D7B4A2B89} = {19B2BF66-496F-49BE-BFF7-DC63F4B1437E}
		{A0A3A10A-4C3F-3F00-9828-DD133DCD3F36} = {19B2BF66-496F-49BE-BFF7-DC63F4B1437E}
		{B54394D3-2CF6-EC04-8048-D5C45377348B} = {19B2BF66-496F-49BE-BFF7-DC63F4B1437E}
		{B66ABF64-F153-9D82-4464-D0219BF97C4B} = {19B2BF66-496F-49BE-BFF7-DC63F4B1437E}
		{D0AC07FD-32AC-91EE-86C2-582E12D8015B} = {B406E00D-DF3F-43AB-93AC-598435B5DA1F}
		{88AA21E8-54FF-C860-098E-8C53EC5BAF95} = {B406E00D-DF3F-43AB-93AC-598435B5DA1F}
		{17880FC4-4247-45EC-CD2D-CB663D6047B3} = {B406E00D-DF3F-43AB-93AC-598435B5DA1F}
		{13D89813-A3BE-0EC3-1462-57E8699E376D} = {B406E00D-DF3F-43AB-93AC-598435B5DA1F}
		{53FF1331-FFF0-19D4-A7C0-2E120E921FE9} = {B406E00D-DF3F-43AB-93AC-598435B5DA1F}
		{38470175-F6CD-4151-2997-E9C2B45FF49F} = {02EA681E-C7D8-13C7-8484-4AC65E1B71E8}
		{268F7F35-9E45-DB2E-AA3E-BE10FA1FD695} = {02EA681E-C7D8-13C7-8484-4AC65E1B71E8}
		{0C160166-869F-B926-65B6-89B5D88D7E7F} = {02EA681E-C7D8-13C7-8484-4AC65E1B71E8}
		{7F608DBE-C5C3-F163-A11F-3971591A9361} = {02EA681E-C7D8-13C7-8484-4AC65E1B71E8}
		{F6A767CE-CDCD-F701-2D5C-CDE2BEA101F4} = {02EA681E-C7D8-13C7-8484-4AC65E1B71E8}
	EndGlobalSection
	GlobalSection(ExtensibilityGlobals) = postSolution
		SolutionGuid = {83B82D75-70C8-4FF8-B91D-8A48F749B165}
	EndGlobalSection
EndGlobal
